
Microsoft Visual Studio Solution File, Format Version 12.00
# Visual Studio 15
VisualStudioVersion = 15.0.26403.7
MinimumVisualStudioVersion = 10.0.40219.1
Project("{FAE04EC0-301F-11D3-BF4B-00C04F79EFBC}") = "ConversionTestApp.Android", "ConversionTestApp\ConversionTestApp.Android\ConversionTestApp.Android.csproj", "{00AFC8F9-B035-4815-9799-8F717359166B}"
EndProject
Project("{FAE04EC0-301F-11D3-BF4B-00C04F79EFBC}") = "ConversionTestApp", "ConversionTestApp\ConversionTestApp\ConversionTestApp.csproj", "{6AA63BAD-6F55-492A-9C6A-7D3D99F8E1EC}"
EndProject
Project("{FAE04EC0-301F-11D3-BF4B-00C04F79EFBC}") = "ConversionTestApp.UWP", "ConversionTestApp\ConversionTestApp.UWP\ConversionTestApp.UWP.csproj", "{DC08A964-2712-423F-B31C-B1B138980A36}"
EndProject
Project("{FAE04EC0-301F-11D3-BF4B-00C04F79EFBC}") = "ConversionTestApp.iOS", "ConversionTestApp\ConversionTestApp.iOS\ConversionTestApp.iOS.csproj", "{4D2DE26E-1FFE-4C24-AC76-8DA6AB187EC6}"
EndProject
Global
	GlobalSection(SolutionConfigurationPlatforms) = preSolution
		Ad-Hoc|Any CPU = Ad-Hoc|Any CPU
		Ad-Hoc|ARM = Ad-Hoc|ARM
		Ad-Hoc|iPhone = Ad-Hoc|iPhone
		Ad-Hoc|iPhoneSimulator = Ad-Hoc|iPhoneSimulator
		Ad-Hoc|x64 = Ad-Hoc|x64
		Ad-Hoc|x86 = Ad-Hoc|x86
		AppStore|Any CPU = AppStore|Any CPU
		AppStore|ARM = AppStore|ARM
		AppStore|iPhone = AppStore|iPhone
		AppStore|iPhoneSimulator = AppStore|iPhoneSimulator
		AppStore|x64 = AppStore|x64
		AppStore|x86 = AppStore|x86
		Debug|Any CPU = Debug|Any CPU
		Debug|ARM = Debug|ARM
		Debug|iPhone = Debug|iPhone
		Debug|iPhoneSimulator = Debug|iPhoneSimulator
		Debug|x64 = Debug|x64
		Debug|x86 = Debug|x86
		Release|Any CPU = Release|Any CPU
		Release|ARM = Release|ARM
		Release|iPhone = Release|iPhone
		Release|iPhoneSimulator = Release|iPhoneSimulator
		Release|x64 = Release|x64
		Release|x86 = Release|x86
	EndGlobalSection
	GlobalSection(ProjectConfigurationPlatforms) = postSolution
		{00AFC8F9-B035-4815-9799-8F717359166B}.Ad-Hoc|Any CPU.ActiveCfg = Release|Any CPU
		{00AFC8F9-B035-4815-9799-8F717359166B}.Ad-Hoc|Any CPU.Build.0 = Release|Any CPU
		{00AFC8F9-B035-4815-9799-8F717359166B}.Ad-Hoc|Any CPU.Deploy.0 = Release|Any CPU
		{00AFC8F9-B035-4815-9799-8F717359166B}.Ad-Hoc|ARM.ActiveCfg = Release|Any CPU
		{00AFC8F9-B035-4815-9799-8F717359166B}.Ad-Hoc|ARM.Build.0 = Release|Any CPU
		{00AFC8F9-B035-4815-9799-8F717359166B}.Ad-Hoc|ARM.Deploy.0 = Release|Any CPU
		{00AFC8F9-B035-4815-9799-8F717359166B}.Ad-Hoc|iPhone.ActiveCfg = Release|Any CPU
		{00AFC8F9-B035-4815-9799-8F717359166B}.Ad-Hoc|iPhone.Build.0 = Release|Any CPU
		{00AFC8F9-B035-4815-9799-8F717359166B}.Ad-Hoc|iPhone.Deploy.0 = Release|Any CPU
		{00AFC8F9-B035-4815-9799-8F717359166B}.Ad-Hoc|iPhoneSimulator.ActiveCfg = Release|Any CPU
		{00AFC8F9-B035-4815-9799-8F717359166B}.Ad-Hoc|iPhoneSimulator.Build.0 = Release|Any CPU
		{00AFC8F9-B035-4815-9799-8F717359166B}.Ad-Hoc|iPhoneSimulator.Deploy.0 = Release|Any CPU
		{00AFC8F9-B035-4815-9799-8F717359166B}.Ad-Hoc|x64.ActiveCfg = Release|Any CPU
		{00AFC8F9-B035-4815-9799-8F717359166B}.Ad-Hoc|x64.Build.0 = Release|Any CPU
		{00AFC8F9-B035-4815-9799-8F717359166B}.Ad-Hoc|x64.Deploy.0 = Release|Any CPU
		{00AFC8F9-B035-4815-9799-8F717359166B}.Ad-Hoc|x86.ActiveCfg = Release|Any CPU
		{00AFC8F9-B035-4815-9799-8F717359166B}.Ad-Hoc|x86.Build.0 = Release|Any CPU
		{00AFC8F9-B035-4815-9799-8F717359166B}.Ad-Hoc|x86.Deploy.0 = Release|Any CPU
		{00AFC8F9-B035-4815-9799-8F717359166B}.AppStore|Any CPU.ActiveCfg = Release|Any CPU
		{00AFC8F9-B035-4815-9799-8F717359166B}.AppStore|Any CPU.Build.0 = Release|Any CPU
		{00AFC8F9-B035-4815-9799-8F717359166B}.AppStore|Any CPU.Deploy.0 = Release|Any CPU
		{00AFC8F9-B035-4815-9799-8F717359166B}.AppStore|ARM.ActiveCfg = Release|Any CPU
		{00AFC8F9-B035-4815-9799-8F717359166B}.AppStore|ARM.Build.0 = Release|Any CPU
		{00AFC8F9-B035-4815-9799-8F717359166B}.AppStore|ARM.Deploy.0 = Release|Any CPU
		{00AFC8F9-B035-4815-9799-8F717359166B}.AppStore|iPhone.ActiveCfg = Release|Any CPU
		{00AFC8F9-B035-4815-9799-8F717359166B}.AppStore|iPhone.Build.0 = Release|Any CPU
		{00AFC8F9-B035-4815-9799-8F717359166B}.AppStore|iPhone.Deploy.0 = Release|Any CPU
		{00AFC8F9-B035-4815-9799-8F717359166B}.AppStore|iPhoneSimulator.ActiveCfg = Release|Any CPU
		{00AFC8F9-B035-4815-9799-8F717359166B}.AppStore|iPhoneSimulator.Build.0 = Release|Any CPU
		{00AFC8F9-B035-4815-9799-8F717359166B}.AppStore|iPhoneSimulator.Deploy.0 = Release|Any CPU
		{00AFC8F9-B035-4815-9799-8F717359166B}.AppStore|x64.ActiveCfg = Release|Any CPU
		{00AFC8F9-B035-4815-9799-8F717359166B}.AppStore|x64.Build.0 = Release|Any CPU
		{00AFC8F9-B035-4815-9799-8F717359166B}.AppStore|x64.Deploy.0 = Release|Any CPU
		{00AFC8F9-B035-4815-9799-8F717359166B}.AppStore|x86.ActiveCfg = Release|Any CPU
		{00AFC8F9-B035-4815-9799-8F717359166B}.AppStore|x86.Build.0 = Release|Any CPU
		{00AFC8F9-B035-4815-9799-8F717359166B}.AppStore|x86.Deploy.0 = Release|Any CPU
		{00AFC8F9-B035-4815-9799-8F717359166B}.Debug|Any CPU.ActiveCfg = Debug|Any CPU
		{00AFC8F9-B035-4815-9799-8F717359166B}.Debug|Any CPU.Build.0 = Debug|Any CPU
		{00AFC8F9-B035-4815-9799-8F717359166B}.Debug|Any CPU.Deploy.0 = Debug|Any CPU
		{00AFC8F9-B035-4815-9799-8F717359166B}.Debug|ARM.ActiveCfg = Debug|Any CPU
		{00AFC8F9-B035-4815-9799-8F717359166B}.Debug|ARM.Build.0 = Debug|Any CPU
		{00AFC8F9-B035-4815-9799-8F717359166B}.Debug|ARM.Deploy.0 = Debug|Any CPU
		{00AFC8F9-B035-4815-9799-8F717359166B}.Debug|iPhone.ActiveCfg = Debug|Any CPU
		{00AFC8F9-B035-4815-9799-8F717359166B}.Debug|iPhone.Build.0 = Debug|Any CPU
		{00AFC8F9-B035-4815-9799-8F717359166B}.Debug|iPhone.Deploy.0 = Debug|Any CPU
		{00AFC8F9-B035-4815-9799-8F717359166B}.Debug|iPhoneSimulator.ActiveCfg = Debug|Any CPU
		{00AFC8F9-B035-4815-9799-8F717359166B}.Debug|iPhoneSimulator.Build.0 = Debug|Any CPU
		{00AFC8F9-B035-4815-9799-8F717359166B}.Debug|iPhoneSimulator.Deploy.0 = Debug|Any CPU
		{00AFC8F9-B035-4815-9799-8F717359166B}.Debug|x64.ActiveCfg = Debug|Any CPU
		{00AFC8F9-B035-4815-9799-8F717359166B}.Debug|x64.Build.0 = Debug|Any CPU
		{00AFC8F9-B035-4815-9799-8F717359166B}.Debug|x64.Deploy.0 = Debug|Any CPU
		{00AFC8F9-B035-4815-9799-8F717359166B}.Debug|x86.ActiveCfg = Debug|Any CPU
		{00AFC8F9-B035-4815-9799-8F717359166B}.Debug|x86.Build.0 = Debug|Any CPU
		{00AFC8F9-B035-4815-9799-8F717359166B}.Debug|x86.Deploy.0 = Debug|Any CPU
		{00AFC8F9-B035-4815-9799-8F717359166B}.Release|Any CPU.ActiveCfg = Release|Any CPU
		{00AFC8F9-B035-4815-9799-8F717359166B}.Release|Any CPU.Build.0 = Release|Any CPU
		{00AFC8F9-B035-4815-9799-8F717359166B}.Release|Any CPU.Deploy.0 = Release|Any CPU
		{00AFC8F9-B035-4815-9799-8F717359166B}.Release|ARM.ActiveCfg = Release|Any CPU
		{00AFC8F9-B035-4815-9799-8F717359166B}.Release|ARM.Build.0 = Release|Any CPU
		{00AFC8F9-B035-4815-9799-8F717359166B}.Release|ARM.Deploy.0 = Release|Any CPU
		{00AFC8F9-B035-4815-9799-8F717359166B}.Release|iPhone.ActiveCfg = Release|Any CPU
		{00AFC8F9-B035-4815-9799-8F717359166B}.Release|iPhone.Build.0 = Release|Any CPU
		{00AFC8F9-B035-4815-9799-8F717359166B}.Release|iPhone.Deploy.0 = Release|Any CPU
		{00AFC8F9-B035-4815-9799-8F717359166B}.Release|iPhoneSimulator.ActiveCfg = Release|Any CPU
		{00AFC8F9-B035-4815-9799-8F717359166B}.Release|iPhoneSimulator.Build.0 = Release|Any CPU
		{00AFC8F9-B035-4815-9799-8F717359166B}.Release|iPhoneSimulator.Deploy.0 = Release|Any CPU
		{00AFC8F9-B035-4815-9799-8F717359166B}.Release|x64.ActiveCfg = Release|Any CPU
		{00AFC8F9-B035-4815-9799-8F717359166B}.Release|x64.Build.0 = Release|Any CPU
		{00AFC8F9-B035-4815-9799-8F717359166B}.Release|x64.Deploy.0 = Release|Any CPU
		{00AFC8F9-B035-4815-9799-8F717359166B}.Release|x86.ActiveCfg = Release|Any CPU
		{00AFC8F9-B035-4815-9799-8F717359166B}.Release|x86.Build.0 = Release|Any CPU
		{00AFC8F9-B035-4815-9799-8F717359166B}.Release|x86.Deploy.0 = Release|Any CPU
		{6AA63BAD-6F55-492A-9C6A-7D3D99F8E1EC}.Ad-Hoc|Any CPU.ActiveCfg = Release|Any CPU
		{6AA63BAD-6F55-492A-9C6A-7D3D99F8E1EC}.Ad-Hoc|Any CPU.Build.0 = Release|Any CPU
		{6AA63BAD-6F55-492A-9C6A-7D3D99F8E1EC}.Ad-Hoc|ARM.ActiveCfg = Release|Any CPU
		{6AA63BAD-6F55-492A-9C6A-7D3D99F8E1EC}.Ad-Hoc|ARM.Build.0 = Release|Any CPU
		{6AA63BAD-6F55-492A-9C6A-7D3D99F8E1EC}.Ad-Hoc|iPhone.ActiveCfg = Release|Any CPU
		{6AA63BAD-6F55-492A-9C6A-7D3D99F8E1EC}.Ad-Hoc|iPhone.Build.0 = Release|Any CPU
		{6AA63BAD-6F55-492A-9C6A-7D3D99F8E1EC}.Ad-Hoc|iPhoneSimulator.ActiveCfg = Release|Any CPU
		{6AA63BAD-6F55-492A-9C6A-7D3D99F8E1EC}.Ad-Hoc|iPhoneSimulator.Build.0 = Release|Any CPU
		{6AA63BAD-6F55-492A-9C6A-7D3D99F8E1EC}.Ad-Hoc|x64.ActiveCfg = Release|Any CPU
		{6AA63BAD-6F55-492A-9C6A-7D3D99F8E1EC}.Ad-Hoc|x64.Build.0 = Release|Any CPU
		{6AA63BAD-6F55-492A-9C6A-7D3D99F8E1EC}.Ad-Hoc|x86.ActiveCfg = Release|Any CPU
		{6AA63BAD-6F55-492A-9C6A-7D3D99F8E1EC}.Ad-Hoc|x86.Build.0 = Release|Any CPU
		{6AA63BAD-6F55-492A-9C6A-7D3D99F8E1EC}.AppStore|Any CPU.ActiveCfg = Release|Any CPU
		{6AA63BAD-6F55-492A-9C6A-7D3D99F8E1EC}.AppStore|Any CPU.Build.0 = Release|Any CPU
		{6AA63BAD-6F55-492A-9C6A-7D3D99F8E1EC}.AppStore|ARM.ActiveCfg = Release|Any CPU
		{6AA63BAD-6F55-492A-9C6A-7D3D99F8E1EC}.AppStore|ARM.Build.0 = Release|Any CPU
		{6AA63BAD-6F55-492A-9C6A-7D3D99F8E1EC}.AppStore|iPhone.ActiveCfg = Release|Any CPU
		{6AA63BAD-6F55-492A-9C6A-7D3D99F8E1EC}.AppStore|iPhone.Build.0 = Release|Any CPU
		{6AA63BAD-6F55-492A-9C6A-7D3D99F8E1EC}.AppStore|iPhoneSimulator.ActiveCfg = Release|Any CPU
		{6AA63BAD-6F55-492A-9C6A-7D3D99F8E1EC}.AppStore|iPhoneSimulator.Build.0 = Release|Any CPU
		{6AA63BAD-6F55-492A-9C6A-7D3D99F8E1EC}.AppStore|x64.ActiveCfg = Release|Any CPU
		{6AA63BAD-6F55-492A-9C6A-7D3D99F8E1EC}.AppStore|x64.Build.0 = Release|Any CPU
		{6AA63BAD-6F55-492A-9C6A-7D3D99F8E1EC}.AppStore|x86.ActiveCfg = Release|Any CPU
		{6AA63BAD-6F55-492A-9C6A-7D3D99F8E1EC}.AppStore|x86.Build.0 = Release|Any CPU
		{6AA63BAD-6F55-492A-9C6A-7D3D99F8E1EC}.Debug|Any CPU.ActiveCfg = Debug|Any CPU
		{6AA63BAD-6F55-492A-9C6A-7D3D99F8E1EC}.Debug|Any CPU.Build.0 = Debug|Any CPU
		{6AA63BAD-6F55-492A-9C6A-7D3D99F8E1EC}.Debug|ARM.ActiveCfg = Debug|Any CPU
		{6AA63BAD-6F55-492A-9C6A-7D3D99F8E1EC}.Debug|ARM.Build.0 = Debug|Any CPU
		{6AA63BAD-6F55-492A-9C6A-7D3D99F8E1EC}.Debug|iPhone.ActiveCfg = Debug|Any CPU
		{6AA63BAD-6F55-492A-9C6A-7D3D99F8E1EC}.Debug|iPhone.Build.0 = Debug|Any CPU
		{6AA63BAD-6F55-492A-9C6A-7D3D99F8E1EC}.Debug|iPhoneSimulator.ActiveCfg = Debug|Any CPU
		{6AA63BAD-6F55-492A-9C6A-7D3D99F8E1EC}.Debug|iPhoneSimulator.Build.0 = Debug|Any CPU
		{6AA63BAD-6F55-492A-9C6A-7D3D99F8E1EC}.Debug|x64.ActiveCfg = Debug|Any CPU
		{6AA63BAD-6F55-492A-9C6A-7D3D99F8E1EC}.Debug|x64.Build.0 = Debug|Any CPU
		{6AA63BAD-6F55-492A-9C6A-7D3D99F8E1EC}.Debug|x86.ActiveCfg = Debug|Any CPU
		{6AA63BAD-6F55-492A-9C6A-7D3D99F8E1EC}.Debug|x86.Build.0 = Debug|Any CPU
		{6AA63BAD-6F55-492A-9C6A-7D3D99F8E1EC}.Release|Any CPU.ActiveCfg = Release|Any CPU
		{6AA63BAD-6F55-492A-9C6A-7D3D99F8E1EC}.Release|Any CPU.Build.0 = Release|Any CPU
		{6AA63BAD-6F55-492A-9C6A-7D3D99F8E1EC}.Release|ARM.ActiveCfg = Release|Any CPU
		{6AA63BAD-6F55-492A-9C6A-7D3D99F8E1EC}.Release|ARM.Build.0 = Release|Any CPU
		{6AA63BAD-6F55-492A-9C6A-7D3D99F8E1EC}.Release|iPhone.ActiveCfg = Release|Any CPU
		{6AA63BAD-6F55-492A-9C6A-7D3D99F8E1EC}.Release|iPhone.Build.0 = Release|Any CPU
		{6AA63BAD-6F55-492A-9C6A-7D3D99F8E1EC}.Release|iPhoneSimulator.ActiveCfg = Release|Any CPU
		{6AA63BAD-6F55-492A-9C6A-7D3D99F8E1EC}.Release|iPhoneSimulator.Build.0 = Release|Any CPU
		{6AA63BAD-6F55-492A-9C6A-7D3D99F8E1EC}.Release|x64.ActiveCfg = Release|Any CPU
		{6AA63BAD-6F55-492A-9C6A-7D3D99F8E1EC}.Release|x64.Build.0 = Release|Any CPU
		{6AA63BAD-6F55-492A-9C6A-7D3D99F8E1EC}.Release|x86.ActiveCfg = Release|Any CPU
		{6AA63BAD-6F55-492A-9C6A-7D3D99F8E1EC}.Release|x86.Build.0 = Release|Any CPU
		{DC08A964-2712-423F-B31C-B1B138980A36}.Ad-Hoc|Any CPU.ActiveCfg = Release|x86
		{DC08A964-2712-423F-B31C-B1B138980A36}.Ad-Hoc|Any CPU.Build.0 = Release|x86
		{DC08A964-2712-423F-B31C-B1B138980A36}.Ad-Hoc|Any CPU.Deploy.0 = Release|x86
		{DC08A964-2712-423F-B31C-B1B138980A36}.Ad-Hoc|ARM.ActiveCfg = Release|ARM
		{DC08A964-2712-423F-B31C-B1B138980A36}.Ad-Hoc|ARM.Build.0 = Release|ARM
		{DC08A964-2712-423F-B31C-B1B138980A36}.Ad-Hoc|ARM.Deploy.0 = Release|ARM
		{DC08A964-2712-423F-B31C-B1B138980A36}.Ad-Hoc|iPhone.ActiveCfg = Release|x86
		{DC08A964-2712-423F-B31C-B1B138980A36}.Ad-Hoc|iPhone.Build.0 = Release|x86
		{DC08A964-2712-423F-B31C-B1B138980A36}.Ad-Hoc|iPhone.Deploy.0 = Release|x86
		{DC08A964-2712-423F-B31C-B1B138980A36}.Ad-Hoc|iPhoneSimulator.ActiveCfg = Release|x86
		{DC08A964-2712-423F-B31C-B1B138980A36}.Ad-Hoc|iPhoneSimulator.Build.0 = Release|x86
		{DC08A964-2712-423F-B31C-B1B138980A36}.Ad-Hoc|iPhoneSimulator.Deploy.0 = Release|x86
		{DC08A964-2712-423F-B31C-B1B138980A36}.Ad-Hoc|x64.ActiveCfg = Release|x64
		{DC08A964-2712-423F-B31C-B1B138980A36}.Ad-Hoc|x64.Build.0 = Release|x64
		{DC08A964-2712-423F-B31C-B1B138980A36}.Ad-Hoc|x64.Deploy.0 = Release|x64
		{DC08A964-2712-423F-B31C-B1B138980A36}.Ad-Hoc|x86.ActiveCfg = Release|x86
		{DC08A964-2712-423F-B31C-B1B138980A36}.Ad-Hoc|x86.Build.0 = Release|x86
		{DC08A964-2712-423F-B31C-B1B138980A36}.Ad-Hoc|x86.Deploy.0 = Release|x86
		{DC08A964-2712-423F-B31C-B1B138980A36}.AppStore|Any CPU.ActiveCfg = Release|x86
		{DC08A964-2712-423F-B31C-B1B138980A36}.AppStore|Any CPU.Build.0 = Release|x86
		{DC08A964-2712-423F-B31C-B1B138980A36}.AppStore|Any CPU.Deploy.0 = Release|x86
		{DC08A964-2712-423F-B31C-B1B138980A36}.AppStore|ARM.ActiveCfg = Release|ARM
		{DC08A964-2712-423F-B31C-B1B138980A36}.AppStore|ARM.Build.0 = Release|ARM
		{DC08A964-2712-423F-B31C-B1B138980A36}.AppStore|ARM.Deploy.0 = Release|ARM
		{DC08A964-2712-423F-B31C-B1B138980A36}.AppStore|iPhone.ActiveCfg = Release|x86
		{DC08A964-2712-423F-B31C-B1B138980A36}.AppStore|iPhone.Build.0 = Release|x86
		{DC08A964-2712-423F-B31C-B1B138980A36}.AppStore|iPhone.Deploy.0 = Release|x86
		{DC08A964-2712-423F-B31C-B1B138980A36}.AppStore|iPhoneSimulator.ActiveCfg = Release|x86
		{DC08A964-2712-423F-B31C-B1B138980A36}.AppStore|iPhoneSimulator.Build.0 = Release|x86
		{DC08A964-2712-423F-B31C-B1B138980A36}.AppStore|iPhoneSimulator.Deploy.0 = Release|x86
		{DC08A964-2712-423F-B31C-B1B138980A36}.AppStore|x64.ActiveCfg = Release|x64
		{DC08A964-2712-423F-B31C-B1B138980A36}.AppStore|x64.Build.0 = Release|x64
		{DC08A964-2712-423F-B31C-B1B138980A36}.AppStore|x64.Deploy.0 = Release|x64
		{DC08A964-2712-423F-B31C-B1B138980A36}.AppStore|x86.ActiveCfg = Release|x86
		{DC08A964-2712-423F-B31C-B1B138980A36}.AppStore|x86.Build.0 = Release|x86
		{DC08A964-2712-423F-B31C-B1B138980A36}.AppStore|x86.Deploy.0 = Release|x86
		{DC08A964-2712-423F-B31C-B1B138980A36}.Debug|Any CPU.ActiveCfg = Debug|x86
		{DC08A964-2712-423F-B31C-B1B138980A36}.Debug|ARM.ActiveCfg = Debug|ARM
		{DC08A964-2712-423F-B31C-B1B138980A36}.Debug|ARM.Build.0 = Debug|ARM
		{DC08A964-2712-423F-B31C-B1B138980A36}.Debug|ARM.Deploy.0 = Debug|ARM
		{DC08A964-2712-423F-B31C-B1B138980A36}.Debug|iPhone.ActiveCfg = Debug|x86
		{DC08A964-2712-423F-B31C-B1B138980A36}.Debug|iPhoneSimulator.ActiveCfg = Debug|x86
		{DC08A964-2712-423F-B31C-B1B138980A36}.Debug|x64.ActiveCfg = Debug|x64
		{DC08A964-2712-423F-B31C-B1B138980A36}.Debug|x64.Build.0 = Debug|x64
		{DC08A964-2712-423F-B31C-B1B138980A36}.Debug|x64.Deploy.0 = Debug|x64
		{DC08A964-2712-423F-B31C-B1B138980A36}.Debug|x86.ActiveCfg = Debug|x86
		{DC08A964-2712-423F-B31C-B1B138980A36}.Debug|x86.Build.0 = Debug|x86
		{DC08A964-2712-423F-B31C-B1B138980A36}.Debug|x86.Deploy.0 = Debug|x86
		{DC08A964-2712-423F-B31C-B1B138980A36}.Release|Any CPU.ActiveCfg = Release|x86
		{DC08A964-2712-423F-B31C-B1B138980A36}.Release|ARM.ActiveCfg = Release|ARM
		{DC08A964-2712-423F-B31C-B1B138980A36}.Release|ARM.Build.0 = Release|ARM
		{DC08A964-2712-423F-B31C-B1B138980A36}.Release|ARM.Deploy.0 = Release|ARM
		{DC08A964-2712-423F-B31C-B1B138980A36}.Release|iPhone.ActiveCfg = Release|x86
		{DC08A964-2712-423F-B31C-B1B138980A36}.Release|iPhoneSimulator.ActiveCfg = Release|x86
		{DC08A964-2712-423F-B31C-B1B138980A36}.Release|x64.ActiveCfg = Release|x64
		{DC08A964-2712-423F-B31C-B1B138980A36}.Release|x64.Build.0 = Release|x64
		{DC08A964-2712-423F-B31C-B1B138980A36}.Release|x64.Deploy.0 = Release|x64
		{DC08A964-2712-423F-B31C-B1B138980A36}.Release|x86.ActiveCfg = Release|x86
		{DC08A964-2712-423F-B31C-B1B138980A36}.Release|x86.Build.0 = Release|x86
		{DC08A964-2712-423F-B31C-B1B138980A36}.Release|x86.Deploy.0 = Release|x86
		{4D2DE26E-1FFE-4C24-AC76-8DA6AB187EC6}.Ad-Hoc|Any CPU.ActiveCfg = Ad-Hoc|iPhone
		{4D2DE26E-1FFE-4C24-AC76-8DA6AB187EC6}.Ad-Hoc|ARM.ActiveCfg = Ad-Hoc|iPhone
		{4D2DE26E-1FFE-4C24-AC76-8DA6AB187EC6}.Ad-Hoc|iPhone.ActiveCfg = Ad-Hoc|iPhone
		{4D2DE26E-1FFE-4C24-AC76-8DA6AB187EC6}.Ad-Hoc|iPhone.Build.0 = Ad-Hoc|iPhone
		{4D2DE26E-1FFE-4C24-AC76-8DA6AB187EC6}.Ad-Hoc|iPhoneSimulator.ActiveCfg = Ad-Hoc|iPhoneSimulator
		{4D2DE26E-1FFE-4C24-AC76-8DA6AB187EC6}.Ad-Hoc|iPhoneSimulator.Build.0 = Ad-Hoc|iPhoneSimulator
		{4D2DE26E-1FFE-4C24-AC76-8DA6AB187EC6}.Ad-Hoc|x64.ActiveCfg = Ad-Hoc|iPhone
		{4D2DE26E-1FFE-4C24-AC76-8DA6AB187EC6}.Ad-Hoc|x86.ActiveCfg = Ad-Hoc|iPhone
		{4D2DE26E-1FFE-4C24-AC76-8DA6AB187EC6}.AppStore|Any CPU.ActiveCfg = AppStore|iPhone
		{4D2DE26E-1FFE-4C24-AC76-8DA6AB187EC6}.AppStore|ARM.ActiveCfg = AppStore|iPhone
		{4D2DE26E-1FFE-4C24-AC76-8DA6AB187EC6}.AppStore|iPhone.ActiveCfg = AppStore|iPhone
		{4D2DE26E-1FFE-4C24-AC76-8DA6AB187EC6}.AppStore|iPhone.Build.0 = AppStore|iPhone
		{4D2DE26E-1FFE-4C24-AC76-8DA6AB187EC6}.AppStore|iPhoneSimulator.ActiveCfg = AppStore|iPhoneSimulator
		{4D2DE26E-1FFE-4C24-AC76-8DA6AB187EC6}.AppStore|iPhoneSimulator.Build.0 = AppStore|iPhoneSimulator
		{4D2DE26E-1FFE-4C24-AC76-8DA6AB187EC6}.AppStore|x64.ActiveCfg = AppStore|iPhone
		{4D2DE26E-1FFE-4C24-AC76-8DA6AB187EC6}.AppStore|x86.ActiveCfg = AppStore|iPhone
		{4D2DE26E-1FFE-4C24-AC76-8DA6AB187EC6}.Debug|Any CPU.ActiveCfg = Debug|iPhone
		{4D2DE26E-1FFE-4C24-AC76-8DA6AB187EC6}.Debug|ARM.ActiveCfg = Debug|iPhone
		{4D2DE26E-1FFE-4C24-AC76-8DA6AB187EC6}.Debug|iPhone.ActiveCfg = Debug|iPhone
		{4D2DE26E-1FFE-4C24-AC76-8DA6AB187EC6}.Debug|iPhone.Build.0 = Debug|iPhone
		{4D2DE26E-1FFE-4C24-AC76-8DA6AB187EC6}.Debug|iPhoneSimulator.ActiveCfg = Debug|iPhoneSimulator
		{4D2DE26E-1FFE-4C24-AC76-8DA6AB187EC6}.Debug|iPhoneSimulator.Build.0 = Debug|iPhoneSimulator
		{4D2DE26E-1FFE-4C24-AC76-8DA6AB187EC6}.Debug|x64.ActiveCfg = Debug|iPhone
		{4D2DE26E-1FFE-4C24-AC76-8DA6AB187EC6}.Debug|x86.ActiveCfg = Debug|iPhone
		{4D2DE26E-1FFE-4C24-AC76-8DA6AB187EC6}.Release|Any CPU.ActiveCfg = Release|iPhone
		{4D2DE26E-1FFE-4C24-AC76-8DA6AB187EC6}.Release|ARM.ActiveCfg = Release|iPhone
		{4D2DE26E-1FFE-4C24-AC76-8DA6AB187EC6}.Release|iPhone.ActiveCfg = Release|iPhone
		{4D2DE26E-1FFE-4C24-AC76-8DA6AB187EC6}.Release|iPhone.Build.0 = Release|iPhone
		{4D2DE26E-1FFE-4C24-AC76-8DA6AB187EC6}.Release|iPhoneSimulator.ActiveCfg = Release|iPhoneSimulator
		{4D2DE26E-1FFE-4C24-AC76-8DA6AB187EC6}.Release|iPhoneSimulator.Build.0 = Release|iPhoneSimulator
		{4D2DE26E-1FFE-4C24-AC76-8DA6AB187EC6}.Release|x64.ActiveCfg = Release|iPhone
		{4D2DE26E-1FFE-4C24-AC76-8DA6AB187EC6}.Release|x86.ActiveCfg = Release|iPhone
	EndGlobalSection
	GlobalSection(SolutionProperties) = preSolution
		HideSolutionNode = FALSE
	EndGlobalSection
EndGlobal
